{
  "version": 4,
  "terraform_version": "0.14.7",
  "serial": 9,
  "lineage": "3b9b03e3-ab9e-03e3-f1f8-72855bfe9be5",
  "outputs": {},
  "resources": [
    {
      "mode": "managed",
      "type": "azurerm_network_interface",
      "name": "demo-instance",
      "provider": "provider[\"registry.terraform.io/hashicorp/azurerm\"]",
      "instances": [
        {
          "schema_version": 0,
          "attributes": {
            "applied_dns_servers": [],
            "dns_servers": [],
            "enable_accelerated_networking": false,
            "enable_ip_forwarding": false,
            "id": "/subscriptions/475b3c71-8110-4997-9e77-2f86d6c6cd42/resourceGroups/first-steps-demo/providers/Microsoft.Network/networkInterfaces/demo-instance1",
            "internal_dns_name_label": "",
            "internal_domain_name_suffix": "1phcls03dl0u5letqgobtxyxgc.gx.internal.cloudapp.net",
            "ip_configuration": [
              {
                "name": "instance1",
                "primary": true,
                "private_ip_address": "10.0.0.4",
                "private_ip_address_allocation": "Dynamic",
                "private_ip_address_version": "IPv4",
                "public_ip_address_id": "/subscriptions/475b3c71-8110-4997-9e77-2f86d6c6cd42/resourceGroups/first-steps-demo/providers/Microsoft.Network/publicIPAddresses/instance1-public-ip",
                "subnet_id": "/subscriptions/475b3c71-8110-4997-9e77-2f86d6c6cd42/resourceGroups/first-steps-demo/providers/Microsoft.Network/virtualNetworks/demo-network/subnets/demo-internal-1"
              }
            ],
            "location": "centralus",
            "mac_address": "",
            "name": "demo-instance1",
            "private_ip_address": "10.0.0.4",
            "private_ip_addresses": [
              "10.0.0.4"
            ],
            "resource_group_name": "first-steps-demo",
            "tags": {
              "CostCenter": "3528"
            },
            "timeouts": null,
            "virtual_machine_id": ""
          },
          "sensitive_attributes": [],
          "private": "eyJlMmJmYjczMC1lY2FhLTExZTYtOGY4OC0zNDM2M2JjN2M0YzAiOnsiY3JlYXRlIjoxODAwMDAwMDAwMDAwLCJkZWxldGUiOjE4MDAwMDAwMDAwMDAsInJlYWQiOjMwMDAwMDAwMDAwMCwidXBkYXRlIjoxODAwMDAwMDAwMDAwfX0=",
          "dependencies": [
            "azurerm_public_ip.demo-instance",
            "azurerm_resource_group.demo",
            "azurerm_subnet.demo-internal-1",
            "azurerm_virtual_network.demo"
          ]
        }
      ]
    },
    {
      "mode": "managed",
      "type": "azurerm_network_security_group",
      "name": "allow-ssh",
      "provider": "provider[\"registry.terraform.io/hashicorp/azurerm\"]",
      "instances": [
        {
          "schema_version": 0,
          "attributes": {
            "id": "/subscriptions/475b3c71-8110-4997-9e77-2f86d6c6cd42/resourceGroups/first-steps-demo/providers/Microsoft.Network/networkSecurityGroups/demo-allow-ssh",
            "location": "centralus",
            "name": "demo-allow-ssh",
            "resource_group_name": "first-steps-demo",
            "security_rule": [
              {
                "access": "Allow",
                "description": "",
                "destination_address_prefix": "*",
                "destination_address_prefixes": [],
                "destination_application_security_group_ids": [],
                "destination_port_range": "22",
                "destination_port_ranges": [],
                "direction": "Inbound",
                "name": "SSH",
                "priority": 1001,
                "protocol": "Tcp",
                "source_address_prefix": "13.89.217.48/32",
                "source_address_prefixes": [],
                "source_application_security_group_ids": [],
                "source_port_range": "*",
                "source_port_ranges": []
              }
            ],
            "tags": {
              "CostCenter": "3528"
            },
            "timeouts": null
          },
          "sensitive_attributes": [],
          "private": "eyJlMmJmYjczMC1lY2FhLTExZTYtOGY4OC0zNDM2M2JjN2M0YzAiOnsiY3JlYXRlIjoxODAwMDAwMDAwMDAwLCJkZWxldGUiOjE4MDAwMDAwMDAwMDAsInJlYWQiOjMwMDAwMDAwMDAwMCwidXBkYXRlIjoxODAwMDAwMDAwMDAwfX0=",
          "dependencies": [
            "azurerm_resource_group.demo"
          ]
        }
      ]
    },
    {
      "mode": "managed",
      "type": "azurerm_public_ip",
      "name": "demo-instance",
      "provider": "provider[\"registry.terraform.io/hashicorp/azurerm\"]",
      "instances": [
        {
          "schema_version": 0,
          "attributes": {
            "allocation_method": "Dynamic",
            "domain_name_label": null,
            "fqdn": null,
            "id": "/subscriptions/475b3c71-8110-4997-9e77-2f86d6c6cd42/resourceGroups/first-steps-demo/providers/Microsoft.Network/publicIPAddresses/instance1-public-ip",
            "idle_timeout_in_minutes": 4,
            "ip_address": "",
            "ip_version": "IPv4",
            "location": "centralus",
            "name": "instance1-public-ip",
            "public_ip_prefix_id": null,
            "resource_group_name": "first-steps-demo",
            "reverse_fqdn": null,
            "sku": "Basic",
            "tags": {
              "CostCenter": "3528"
            },
            "timeouts": null,
            "zones": null
          },
          "sensitive_attributes": [],
          "private": "eyJlMmJmYjczMC1lY2FhLTExZTYtOGY4OC0zNDM2M2JjN2M0YzAiOnsiY3JlYXRlIjoxODAwMDAwMDAwMDAwLCJkZWxldGUiOjE4MDAwMDAwMDAwMDAsInJlYWQiOjMwMDAwMDAwMDAwMCwidXBkYXRlIjoxODAwMDAwMDAwMDAwfX0=",
          "dependencies": [
            "azurerm_resource_group.demo"
          ]
        }
      ]
    },
    {
      "mode": "managed",
      "type": "azurerm_resource_group",
      "name": "demo",
      "provider": "provider[\"registry.terraform.io/hashicorp/azurerm\"]",
      "instances": [
        {
          "schema_version": 0,
          "attributes": {
            "id": "/subscriptions/475b3c71-8110-4997-9e77-2f86d6c6cd42/resourceGroups/first-steps-demo",
            "location": "centralus",
            "name": "first-steps-demo",
            "tags": {
              "CostCenter": "3528"
            },
            "timeouts": null
          },
          "sensitive_attributes": [],
          "private": "eyJlMmJmYjczMC1lY2FhLTExZTYtOGY4OC0zNDM2M2JjN2M0YzAiOnsiY3JlYXRlIjo1NDAwMDAwMDAwMDAwLCJkZWxldGUiOjU0MDAwMDAwMDAwMDAsInJlYWQiOjMwMDAwMDAwMDAwMCwidXBkYXRlIjo1NDAwMDAwMDAwMDAwfX0="
        }
      ]
    },
    {
      "mode": "managed",
      "type": "azurerm_subnet",
      "name": "demo-internal-1",
      "provider": "provider[\"registry.terraform.io/hashicorp/azurerm\"]",
      "instances": [
        {
          "schema_version": 0,
          "attributes": {
            "address_prefix": "10.0.0.0/24",
            "address_prefixes": [
              "10.0.0.0/24"
            ],
            "delegation": [],
            "enforce_private_link_endpoint_network_policies": false,
            "enforce_private_link_service_network_policies": false,
            "id": "/subscriptions/475b3c71-8110-4997-9e77-2f86d6c6cd42/resourceGroups/first-steps-demo/providers/Microsoft.Network/virtualNetworks/demo-network/subnets/demo-internal-1",
            "name": "demo-internal-1",
            "resource_group_name": "first-steps-demo",
            "service_endpoint_policy_ids": null,
            "service_endpoints": null,
            "timeouts": null,
            "virtual_network_name": "demo-network"
          },
          "sensitive_attributes": [],
          "private": "eyJlMmJmYjczMC1lY2FhLTExZTYtOGY4OC0zNDM2M2JjN2M0YzAiOnsiY3JlYXRlIjoxODAwMDAwMDAwMDAwLCJkZWxldGUiOjE4MDAwMDAwMDAwMDAsInJlYWQiOjMwMDAwMDAwMDAwMCwidXBkYXRlIjoxODAwMDAwMDAwMDAwfX0=",
          "dependencies": [
            "azurerm_resource_group.demo",
            "azurerm_virtual_network.demo"
          ]
        }
      ]
    },
    {
      "mode": "managed",
      "type": "azurerm_virtual_machine",
      "name": "demo-instance",
      "provider": "provider[\"registry.terraform.io/hashicorp/azurerm\"]",
      "instances": [
        {
          "schema_version": 0,
          "attributes": {
            "additional_capabilities": [],
            "availability_set_id": null,
            "boot_diagnostics": [],
            "delete_data_disks_on_termination": true,
            "delete_os_disk_on_termination": true,
            "id": "/subscriptions/475b3c71-8110-4997-9e77-2f86d6c6cd42/resourceGroups/first-steps-demo/providers/Microsoft.Compute/virtualMachines/demo-vm",
            "identity": [],
            "license_type": null,
            "location": "centralus",
            "name": "demo-vm",
            "network_interface_ids": [
              "/subscriptions/475b3c71-8110-4997-9e77-2f86d6c6cd42/resourceGroups/first-steps-demo/providers/Microsoft.Network/networkInterfaces/demo-instance1"
            ],
            "os_profile": [
              {
                "admin_password": "",
                "admin_username": "demo",
                "computer_name": "demo-instance",
                "custom_data": ""
              }
            ],
            "os_profile_linux_config": [
              {
                "disable_password_authentication": true,
                "ssh_keys": [
                  {
                    "key_data": "ssh-rsa AAAAB3NzaC1yc2EAAAADAQABAAABgQDq7w8XqMt49unzOFmiNzOZ1Npf1LHw5kDBcYyZPgj5rQjeahuDLJXQx+cvqUYOZa/C0rQLpKxJmSqvKbhoa44vsi5pDepfFcKMG5m/rQFzzSAO9ZWeyFmbzsb2jWM2iA/vKyVJZqKIjRFsEsVWODAWRBGBXZSiE76vb1rBJqOvXknqTnIuNuJ3DoVnwhTPgUbJYFv3NVe3MkDGy8PcMk/lW/P98zz9DoHw75JMBDIUEbWCsThybrPyxWIuAkQIU+ycKmSTjPsqHPIVBC+Qj8ziuu25dQnG3jWFW3pUom5DQhYj/oktOtzOqgk1hYTVQYLH/e+3Nxx4Moi8po/bNZvBEpaGUu/jiCTXajjtl9p8pv+mLPCFm53V8fnS/RVROw1IoCaL/JiXzpvSbyPx54iEmg14H6MdyBkCWXYx0V17ub9b3ZK/jtEQJ0zZ51wFWSW31J4NMBlVhSNPeyqSpXa3Xb6P7PhvKSr0vX2pX3RRAceLDWoALsyBez8o+MU/Axc= dkennetz@tf\n",
                    "path": "/home/demo/.ssh/authorized_keys"
                  }
                ]
              }
            ],
            "os_profile_secrets": [],
            "os_profile_windows_config": [],
            "plan": [],
            "primary_network_interface_id": null,
            "proximity_placement_group_id": null,
            "resource_group_name": "first-steps-demo",
            "storage_data_disk": [],
            "storage_image_reference": [
              {
                "id": "",
                "offer": "UbuntuServer",
                "publisher": "Canonical",
                "sku": "16.04-LTS",
                "version": "latest"
              }
            ],
            "storage_os_disk": [
              {
                "caching": "ReadWrite",
                "create_option": "FromImage",
                "disk_size_gb": 30,
                "image_uri": "",
                "managed_disk_id": "/subscriptions/475b3c71-8110-4997-9e77-2f86d6c6cd42/resourceGroups/first-steps-demo/providers/Microsoft.Compute/disks/myosdisk1",
                "managed_disk_type": "Standard_LRS",
                "name": "myosdisk1",
                "os_type": "Linux",
                "vhd_uri": "",
                "write_accelerator_enabled": false
              }
            ],
            "tags": {
              "CostCenter": "3528"
            },
            "timeouts": null,
            "vm_size": "Standard_A1_v2",
            "zones": null
          },
          "sensitive_attributes": [],
          "private": "eyJlMmJmYjczMC1lY2FhLTExZTYtOGY4OC0zNDM2M2JjN2M0YzAiOnsiY3JlYXRlIjozNjAwMDAwMDAwMDAwLCJkZWxldGUiOjM2MDAwMDAwMDAwMDAsInJlYWQiOjMwMDAwMDAwMDAwMCwidXBkYXRlIjozNjAwMDAwMDAwMDAwfX0=",
          "dependencies": [
            "azurerm_network_interface.demo-instance",
            "azurerm_public_ip.demo-instance",
            "azurerm_resource_group.demo",
            "azurerm_subnet.demo-internal-1",
            "azurerm_virtual_network.demo"
          ]
        }
      ]
    },
    {
      "mode": "managed",
      "type": "azurerm_virtual_network",
      "name": "demo",
      "provider": "provider[\"registry.terraform.io/hashicorp/azurerm\"]",
      "instances": [
        {
          "schema_version": 0,
          "attributes": {
            "address_space": [
              "10.0.0.0/16"
            ],
            "bgp_community": "",
            "ddos_protection_plan": [],
            "dns_servers": null,
            "guid": "cb25cedb-1a5d-4ff5-ac93-819c19df1732",
            "id": "/subscriptions/475b3c71-8110-4997-9e77-2f86d6c6cd42/resourceGroups/first-steps-demo/providers/Microsoft.Network/virtualNetworks/demo-network",
            "location": "centralus",
            "name": "demo-network",
            "resource_group_name": "first-steps-demo",
            "subnet": [],
            "tags": {
              "CostCenter": "3528"
            },
            "timeouts": null,
            "vm_protection_enabled": false
          },
          "sensitive_attributes": [],
          "private": "eyJlMmJmYjczMC1lY2FhLTExZTYtOGY4OC0zNDM2M2JjN2M0YzAiOnsiY3JlYXRlIjoxODAwMDAwMDAwMDAwLCJkZWxldGUiOjE4MDAwMDAwMDAwMDAsInJlYWQiOjMwMDAwMDAwMDAwMCwidXBkYXRlIjoxODAwMDAwMDAwMDAwfX0=",
          "dependencies": [
            "azurerm_resource_group.demo"
          ]
        }
      ]
    }
  ]
}
